
Microsoft Visual Studio Solution File, Format Version 12.00
# Visual Studio 14
VisualStudioVersion = 14.0.22310.1
MinimumVisualStudioVersion = 10.0.40219.1
Project("{FAE04EC0-301F-11D3-BF4B-00C04F79EFBC}") = "CryptedCode", "CryptedCode\CryptedCode.csproj", "{55C6C022-5412-4C15-B54F-9053C0C75FE7}"
EndProject
Project("{FAE04EC0-301F-11D3-BF4B-00C04F79EFBC}") = "hidden", "hidden\hidden.csproj", "{926E47BF-505A-4763-BF99-58EE46287110}"
EndProject
Project("{FAE04EC0-301F-11D3-BF4B-00C04F79EFBC}") = "hidderReference", "hidderReference\hidderReference.csproj", "{80F7BCDA-A5CE-425A-94C9-1D80F399D349}"
EndProject
Project("{FAE04EC0-301F-11D3-BF4B-00C04F79EFBC}") = "CryptedCode.Packing", "CryptedCode.Packing\CryptedCode.Packing.csproj", "{6DC2DAB2-7DF8-4F48-BA57-6B1238655CA7}"
EndProject
Project("{FAE04EC0-301F-11D3-BF4B-00C04F79EFBC}") = "CryptedCode.Packer", "CryptedCode.Packer\CryptedCode.Packer.csproj", "{A5E5D783-67FB-4596-BE63-938F61129D54}"
EndProject
Global
	GlobalSection(SolutionConfigurationPlatforms) = preSolution
		Debug|Any CPU = Debug|Any CPU
		Release|Any CPU = Release|Any CPU
	EndGlobalSection
	GlobalSection(ProjectConfigurationPlatforms) = postSolution
		{55C6C022-5412-4C15-B54F-9053C0C75FE7}.Debug|Any CPU.ActiveCfg = Debug|Any CPU
		{55C6C022-5412-4C15-B54F-9053C0C75FE7}.Debug|Any CPU.Build.0 = Debug|Any CPU
		{55C6C022-5412-4C15-B54F-9053C0C75FE7}.Release|Any CPU.ActiveCfg = Release|Any CPU
		{55C6C022-5412-4C15-B54F-9053C0C75FE7}.Release|Any CPU.Build.0 = Release|Any CPU
		{926E47BF-505A-4763-BF99-58EE46287110}.Debug|Any CPU.ActiveCfg = Debug|Any CPU
		{926E47BF-505A-4763-BF99-58EE46287110}.Debug|Any CPU.Build.0 = Debug|Any CPU
		{926E47BF-505A-4763-BF99-58EE46287110}.Release|Any CPU.ActiveCfg = Release|Any CPU
		{926E47BF-505A-4763-BF99-58EE46287110}.Release|Any CPU.Build.0 = Release|Any CPU
		{80F7BCDA-A5CE-425A-94C9-1D80F399D349}.Debug|Any CPU.ActiveCfg = Debug|Any CPU
		{80F7BCDA-A5CE-425A-94C9-1D80F399D349}.Debug|Any CPU.Build.0 = Debug|Any CPU
		{80F7BCDA-A5CE-425A-94C9-1D80F399D349}.Release|Any CPU.ActiveCfg = Release|Any CPU
		{80F7BCDA-A5CE-425A-94C9-1D80F399D349}.Release|Any CPU.Build.0 = Release|Any CPU
		{6DC2DAB2-7DF8-4F48-BA57-6B1238655CA7}.Debug|Any CPU.ActiveCfg = Debug|Any CPU
		{6DC2DAB2-7DF8-4F48-BA57-6B1238655CA7}.Debug|Any CPU.Build.0 = Debug|Any CPU
		{6DC2DAB2-7DF8-4F48-BA57-6B1238655CA7}.Release|Any CPU.ActiveCfg = Release|Any CPU
		{6DC2DAB2-7DF8-4F48-BA57-6B1238655CA7}.Release|Any CPU.Build.0 = Release|Any CPU
		{A5E5D783-67FB-4596-BE63-938F61129D54}.Debug|Any CPU.ActiveCfg = Debug|Any CPU
		{A5E5D783-67FB-4596-BE63-938F61129D54}.Debug|Any CPU.Build.0 = Debug|Any CPU
		{A5E5D783-67FB-4596-BE63-938F61129D54}.Release|Any CPU.ActiveCfg = Release|Any CPU
		{A5E5D783-67FB-4596-BE63-938F61129D54}.Release|Any CPU.Build.0 = Release|Any CPU
	EndGlobalSection
	GlobalSection(SolutionProperties) = preSolution
		HideSolutionNode = FALSE
	EndGlobalSection
EndGlobal
